
Microsoft Visual Studio Solution File, Format Version 12.00
# Visual Studio Version 17
VisualStudioVersion = 17.10.34928.147
MinimumVisualStudioVersion = 10.0.40219.1
Project("{8BC9CEB8-8B4A-11D0-8D11-00A0C91BC942}") = "BOJ_31616", "BOJ_31616.vcxproj", "{5FFBC4B0-CDA1-4C4E-B147-AC70A5EFAD38}"
EndProject
Global
	GlobalSection(SolutionConfigurationPlatforms) = preSolution
		Debug|x64 = Debug|x64
		Release|x64 = Release|x64
	EndGlobalSection
	GlobalSection(ProjectConfigurationPlatforms) = postSolution
		{5FFBC4B0-CDA1-4C4E-B147-AC70A5EFAD38}.Debug|x64.ActiveCfg = Debug|x64
		{5FFBC4B0-CDA1-4C4E-B147-AC70A5EFAD38}.Debug|x64.Build.0 = Debug|x64
		{5FFBC4B0-CDA1-4C4E-B147-AC70A5EFAD38}.Release|x64.ActiveCfg = Release|x64
		{5FFBC4B0-CDA1-4C4E-B147-AC70A5EFAD38}.Release|x64.Build.0 = Release|x64
	EndGlobalSection
	GlobalSection(SolutionProperties) = preSolution
		HideSolutionNode = FALSE
	EndGlobalSection
	GlobalSection(ExtensibilityGlobals) = postSolution
		SolutionGuid = {6D00F9C5-985F-4507-B618-959CC6583F23}
	EndGlobalSection
EndGlobal
